
Microsoft Visual Studio Solution File, Format Version 11.00
# Visual Studio 2010
Project("{FAE04EC0-301F-11D3-BF4B-00C04F79EFBC}") = "Logger", "Logger\Logger.csproj", "{E3C6DE00-306A-4C83-A710-ECBD9327CDE7}"
EndProject
Project("{FAE04EC0-301F-11D3-BF4B-00C04F79EFBC}") = "Testcase", "..\Testcase\Testcase.csproj", "{FB4425C5-6ACA-4C4D-8B2D-9950F8DC382D}"
EndProject
Global
	GlobalSection(SolutionConfigurationPlatforms) = preSolution
		Debug|Any CPU = Debug|Any CPU
		Debug|Mixed Platforms = Debug|Mixed Platforms
		Debug|x86 = Debug|x86
		Release|Any CPU = Release|Any CPU
		Release|Mixed Platforms = Release|Mixed Platforms
		Release|x86 = Release|x86
	EndGlobalSection
	GlobalSection(ProjectConfigurationPlatforms) = postSolution
		{E3C6DE00-306A-4C83-A710-ECBD9327CDE7}.Debug|Any CPU.ActiveCfg = Debug|Any CPU
		{E3C6DE00-306A-4C83-A710-ECBD9327CDE7}.Debug|Any CPU.Build.0 = Debug|Any CPU
		{E3C6DE00-306A-4C83-A710-ECBD9327CDE7}.Debug|Mixed Platforms.ActiveCfg = Debug|Any CPU
		{E3C6DE00-306A-4C83-A710-ECBD9327CDE7}.Debug|Mixed Platforms.Build.0 = Debug|Any CPU
		{E3C6DE00-306A-4C83-A710-ECBD9327CDE7}.Debug|x86.ActiveCfg = Debug|Any CPU
		{E3C6DE00-306A-4C83-A710-ECBD9327CDE7}.Release|Any CPU.ActiveCfg = Release|Any CPU
		{E3C6DE00-306A-4C83-A710-ECBD9327CDE7}.Release|Any CPU.Build.0 = Release|Any CPU
		{E3C6DE00-306A-4C83-A710-ECBD9327CDE7}.Release|Mixed Platforms.ActiveCfg = Release|Any CPU
		{E3C6DE00-306A-4C83-A710-ECBD9327CDE7}.Release|Mixed Platforms.Build.0 = Release|Any CPU
		{E3C6DE00-306A-4C83-A710-ECBD9327CDE7}.Release|x86.ActiveCfg = Release|Any CPU
		{FB4425C5-6ACA-4C4D-8B2D-9950F8DC382D}.Debug|Any CPU.ActiveCfg = Debug|x86
		{FB4425C5-6ACA-4C4D-8B2D-9950F8DC382D}.Debug|Mixed Platforms.ActiveCfg = Debug|x86
		{FB4425C5-6ACA-4C4D-8B2D-9950F8DC382D}.Debug|Mixed Platforms.Build.0 = Debug|x86
		{FB4425C5-6ACA-4C4D-8B2D-9950F8DC382D}.Debug|x86.ActiveCfg = Debug|x86
		{FB4425C5-6ACA-4C4D-8B2D-9950F8DC382D}.Debug|x86.Build.0 = Debug|x86
		{FB4425C5-6ACA-4C4D-8B2D-9950F8DC382D}.Release|Any CPU.ActiveCfg = Release|x86
		{FB4425C5-6ACA-4C4D-8B2D-9950F8DC382D}.Release|Mixed Platforms.ActiveCfg = Release|x86
		{FB4425C5-6ACA-4C4D-8B2D-9950F8DC382D}.Release|Mixed Platforms.Build.0 = Release|x86
		{FB4425C5-6ACA-4C4D-8B2D-9950F8DC382D}.Release|x86.ActiveCfg = Release|x86
		{FB4425C5-6ACA-4C4D-8B2D-9950F8DC382D}.Release|x86.Build.0 = Release|x86
	EndGlobalSection
	GlobalSection(SolutionProperties) = preSolution
		HideSolutionNode = FALSE
	EndGlobalSection
EndGlobal
